// !$*UTF8*$!
{
	archiveVersion = 1;
	classes = {
	};
	objectVersion = 46;
	objects = {

/* Begin PBXBuildFile section */
		E593F57A1540C1CA00CA44CE /* Cocoa.framework in Frameworks */ = {isa = PBXBuildFile; fileRef = E593F5791540C1CA00CA44CE /* Cocoa.framework */; };
		E593F5841540C1CA00CA44CE /* InfoPlist.strings in Resources */ = {isa = PBXBuildFile; fileRef = E593F5821540C1CA00CA44CE /* InfoPlist.strings */; };
		E593F5861540C1CA00CA44CE /* main.m in Sources */ = {isa = PBXBuildFile; fileRef = E593F5851540C1CA00CA44CE /* main.m */; };
		E593F58A1540C1CA00CA44CE /* Credits.rtf in Resources */ = {isa = PBXBuildFile; fileRef = E593F5881540C1CA00CA44CE /* Credits.rtf */; };
		E593F58D1540C1CA00CA44CE /* Document.m in Sources */ = {isa = PBXBuildFile; fileRef = E593F58C1540C1CA00CA44CE /* Document.m */; };
		E593F5901540C1CA00CA44CE /* Document.xib in Resources */ = {isa = PBXBuildFile; fileRef = E593F58E1540C1CA00CA44CE /* Document.xib */; };
		E593F5931540C1CA00CA44CE /* MainMenu.xib in Resources */ = {isa = PBXBuildFile; fileRef = E593F5911540C1CA00CA44CE /* MainMenu.xib */; };
		E593F5961540C1CA00CA44CE /* Document.xcdatamodeld in Sources */ = {isa = PBXBuildFile; fileRef = E593F5941540C1CA00CA44CE /* Document.xcdatamodeld */; };
		E593F59E1540C1CB00CA44CE /* SenTestingKit.framework in Frameworks */ = {isa = PBXBuildFile; fileRef = E593F59D1540C1CB00CA44CE /* SenTestingKit.framework */; };
		E593F59F1540C1CB00CA44CE /* Cocoa.framework in Frameworks */ = {isa = PBXBuildFile; fileRef = E593F5791540C1CA00CA44CE /* Cocoa.framework */; };
		E593F5A71540C1CB00CA44CE /* InfoPlist.strings in Resources */ = {isa = PBXBuildFile; fileRef = E593F5A51540C1CB00CA44CE /* InfoPlist.strings */; };
		E593F5AA1540C1CB00CA44CE /* GemStoneTests.m in Sources */ = {isa = PBXBuildFile; fileRef = E593F5A91540C1CB00CA44CE /* GemStoneTests.m */; };
/* End PBXBuildFile section */

/* Begin PBXContainerItemProxy section */
		E593F5A01540C1CB00CA44CE /* PBXContainerItemProxy */ = {
			isa = PBXContainerItemProxy;
			containerPortal = E593F56C1540C1CA00CA44CE /* Project object */;
			proxyType = 1;
			remoteGlobalIDString = E593F5741540C1CA00CA44CE;
			remoteInfo = GemStone;
		};
/* End PBXContainerItemProxy section */

/* Begin PBXFileReference section */
		E593F5751540C1CA00CA44CE /* GemStone.app */ = {isa = PBXFileReference; explicitFileType = wrapper.application; includeInIndex = 0; path = GemStone.app; sourceTree = BUILT_PRODUCTS_DIR; };
		E593F5791540C1CA00CA44CE /* Cocoa.framework */ = {isa = PBXFileReference; lastKnownFileType = wrapper.framework; name = Cocoa.framework; path = System/Library/Frameworks/Cocoa.framework; sourceTree = SDKROOT; };
		E593F57C1540C1CA00CA44CE /* AppKit.framework */ = {isa = PBXFileReference; lastKnownFileType = wrapper.framework; name = AppKit.framework; path = System/Library/Frameworks/AppKit.framework; sourceTree = SDKROOT; };
		E593F57D1540C1CA00CA44CE /* CoreData.framework */ = {isa = PBXFileReference; lastKnownFileType = wrapper.framework; name = CoreData.framework; path = System/Library/Frameworks/CoreData.framework; sourceTree = SDKROOT; };
		E593F57E1540C1CA00CA44CE /* Foundation.framework */ = {isa = PBXFileReference; lastKnownFileType = wrapper.framework; name = Foundation.framework; path = System/Library/Frameworks/Foundation.framework; sourceTree = SDKROOT; };
		E593F5811540C1CA00CA44CE /* GemStone-Info.plist */ = {isa = PBXFileReference; path = "GemStone-Info.plist"; sourceTree = "<group>"; };
		E593F5831540C1CA00CA44CE /* en */ = {isa = PBXFileReference; lastKnownFileType = text.plist.strings; name = en; path = en.lproj/InfoPlist.strings; sourceTree = "<group>"; };
		E593F5851540C1CA00CA44CE /* main.m */ = {isa = PBXFileReference; lastKnownFileType = sourcecode.c.objc; path = main.m; sourceTree = "<group>"; };
		E593F5871540C1CA00CA44CE /* GemStone-Prefix.pch */ = {isa = PBXFileReference; path = "GemStone-Prefix.pch"; sourceTree = "<group>"; };
		E593F5891540C1CA00CA44CE /* en */ = {isa = PBXFileReference; lastKnownFileType = text.rtf; name = en; path = en.lproj/Credits.rtf; sourceTree = "<group>"; };
		E593F58B1540C1CA00CA44CE /* Document.h */ = {isa = PBXFileReference; path = Document.h; sourceTree = "<group>"; };
		E593F58C1540C1CA00CA44CE /* Document.m */ = {isa = PBXFileReference; lastKnownFileType = sourcecode.c.objc; path = Document.m; sourceTree = "<group>"; };
		E593F58F1540C1CA00CA44CE /* en */ = {isa = PBXFileReference; lastKnownFileType = file.xib; name = en; path = en.lproj/Document.xib; sourceTree = "<group>"; };
		E593F5921540C1CA00CA44CE /* en */ = {isa = PBXFileReference; lastKnownFileType = file.xib; name = en; path = en.lproj/MainMenu.xib; sourceTree = "<group>"; };
		E593F5951540C1CA00CA44CE /* Document.xcdatamodel */ = {isa = PBXFileReference; lastKnownFileType = wrapper.xcdatamodel; path = Document.xcdatamodel; sourceTree = "<group>"; };
		E593F59C1540C1CB00CA44CE /* GemStoneTests.octest */ = {isa = PBXFileReference; explicitFileType = wrapper.cfbundle; includeInIndex = 0; path = GemStoneTests.octest; sourceTree = BUILT_PRODUCTS_DIR; };
		E593F59D1540C1CB00CA44CE /* SenTestingKit.framework */ = {isa = PBXFileReference; lastKnownFileType = wrapper.framework; name = SenTestingKit.framework; path = Library/Frameworks/SenTestingKit.framework; sourceTree = DEVELOPER_DIR; };
		E593F5A41540C1CB00CA44CE /* GemStoneTests-Info.plist */ = {isa = PBXFileReference; path = "GemStoneTests-Info.plist"; sourceTree = "<group>"; };
		E593F5A61540C1CB00CA44CE /* en */ = {isa = PBXFileReference; lastKnownFileType = text.plist.strings; name = en; path = en.lproj/InfoPlist.strings; sourceTree = "<group>"; };
		E593F5A81540C1CB00CA44CE /* GemStoneTests.h */ = {isa = PBXFileReference; path = GemStoneTests.h; sourceTree = "<group>"; };
		E593F5A91540C1CB00CA44CE /* GemStoneTests.m */ = {isa = PBXFileReference; lastKnownFileType = sourcecode.c.objc; path = GemStoneTests.m; sourceTree = "<group>"; };
/* End PBXFileReference section */

/* Begin PBXFrameworksBuildPhase section */
		E593F5721540C1CA00CA44CE /* Frameworks */ = {
			isa = PBXFrameworksBuildPhase;
			buildActionMask = 2147483647;
			files = (
				E593F57A1540C1CA00CA44CE /* Cocoa.framework in Frameworks */,
			);
			runOnlyForDeploymentPostprocessing = 0;
		};
		E593F5981540C1CA00CA44CE /* Frameworks */ = {
			isa = PBXFrameworksBuildPhase;
			buildActionMask = 2147483647;
			files = (
				E593F59E1540C1CB00CA44CE /* SenTestingKit.framework in Frameworks */,
				E593F59F1540C1CB00CA44CE /* Cocoa.framework in Frameworks */,
			);
			runOnlyForDeploymentPostprocessing = 0;
		};
/* End PBXFrameworksBuildPhase section */

/* Begin PBXGroup section */
		E593F56A1540C1CA00CA44CE = {
			isa = PBXGroup;
			children = (
				E593F57F1540C1CA00CA44CE /* GemStone */,
				E593F5A21540C1CB00CA44CE /* GemStoneTests */,
				E593F5781540C1CA00CA44CE /* Frameworks */,
				E593F5761540C1CA00CA44CE /* Products */,
			);
			sourceTree = "<group>";
		};
		E593F5761540C1CA00CA44CE /* Products */ = {
			isa = PBXGroup;
			children = (
				E593F5751540C1CA00CA44CE /* GemStone.app */,
				E593F59C1540C1CB00CA44CE /* GemStoneTests.octest */,
			);
			name = Products;
			sourceTree = "<group>";
		};
		E593F5781540C1CA00CA44CE /* Frameworks */ = {
			isa = PBXGroup;
			children = (
				E593F5791540C1CA00CA44CE /* Cocoa.framework */,
				E593F59D1540C1CB00CA44CE /* SenTestingKit.framework */,
				E593F57B1540C1CA00CA44CE /* Other Frameworks */,
			);
			name = Frameworks;
			sourceTree = "<group>";
		};
		E593F57B1540C1CA00CA44CE /* Other Frameworks */ = {
			isa = PBXGroup;
			children = (
				E593F57C1540C1CA00CA44CE /* AppKit.framework */,
				E593F57D1540C1CA00CA44CE /* CoreData.framework */,
				E593F57E1540C1CA00CA44CE /* Foundation.framework */,
			);
			name = "Other Frameworks";
			sourceTree = "<group>";
		};
		E593F57F1540C1CA00CA44CE /* GemStone */ = {
			isa = PBXGroup;
			children = (
				E593F58B1540C1CA00CA44CE /* Document.h */,
				E593F58C1540C1CA00CA44CE /* Document.m */,
				E593F58E1540C1CA00CA44CE /* Document.xib */,
				E593F5911540C1CA00CA44CE /* MainMenu.xib */,
				E593F5941540C1CA00CA44CE /* Document.xcdatamodeld */,
				E593F5801540C1CA00CA44CE /* Supporting Files */,
			);
			path = GemStone;
			sourceTree = "<group>";
		};
		E593F5801540C1CA00CA44CE /* Supporting Files */ = {
			isa = PBXGroup;
			children = (
				E593F5811540C1CA00CA44CE /* GemStone-Info.plist */,
				E593F5821540C1CA00CA44CE /* InfoPlist.strings */,
				E593F5851540C1CA00CA44CE /* main.m */,
				E593F5871540C1CA00CA44CE /* GemStone-Prefix.pch */,
				E593F5881540C1CA00CA44CE /* Credits.rtf */,
			);
			name = "Supporting Files";
			sourceTree = "<group>";
		};
		E593F5A21540C1CB00CA44CE /* GemStoneTests */ = {
			isa = PBXGroup;
			children = (
				E593F5A81540C1CB00CA44CE /* GemStoneTests.h */,
				E593F5A91540C1CB00CA44CE /* GemStoneTests.m */,
				E593F5A31540C1CB00CA44CE /* Supporting Files */,
			);
			path = GemStoneTests;
			sourceTree = "<group>";
		};
		E593F5A31540C1CB00CA44CE /* Supporting Files */ = {
			isa = PBXGroup;
			children = (
				E593F5A41540C1CB00CA44CE /* GemStoneTests-Info.plist */,
				E593F5A51540C1CB00CA44CE /* InfoPlist.strings */,
			);
			name = "Supporting Files";
			sourceTree = "<group>";
		};
/* End PBXGroup section */

/* Begin PBXNativeTarget section */
		E593F5741540C1CA00CA44CE /* GemStone */ = {
			isa = PBXNativeTarget;
			buildConfigurationList = E593F5AD1540C1CB00CA44CE /* Build configuration list for PBXNativeTarget "GemStone" */;
			buildPhases = (
				E593F5711540C1CA00CA44CE /* Sources */,
				E593F5721540C1CA00CA44CE /* Frameworks */,
				E593F5731540C1CA00CA44CE /* Resources */,
			);
			buildRules = (
			);
			dependencies = (
			);
			name = GemStone;
			productName = GemStone;
			productReference = E593F5751540C1CA00CA44CE /* GemStone.app */;
			productType = "com.apple.product-type.application";
		};
		E593F59B1540C1CA00CA44CE /* GemStoneTests */ = {
			isa = PBXNativeTarget;
			buildConfigurationList = E593F5B01540C1CB00CA44CE /* Build configuration list for PBXNativeTarget "GemStoneTests" */;
			buildPhases = (
				E593F5971540C1CA00CA44CE /* Sources */,
				E593F5981540C1CA00CA44CE /* Frameworks */,
				E593F5991540C1CA00CA44CE /* Resources */,
				E593F59A1540C1CA00CA44CE /* ShellScript */,
			);
			buildRules = (
			);
			dependencies = (
				E593F5A11540C1CB00CA44CE /* PBXTargetDependency */,
			);
			name = GemStoneTests;
			productName = GemStoneTests;
			productReference = E593F59C1540C1CB00CA44CE /* GemStoneTests.octest */;
			productType = "com.apple.product-type.bundle";
		};
/* End PBXNativeTarget section */

/* Begin PBXProject section */
		E593F56C1540C1CA00CA44CE /* Project object */ = {
			isa = PBXProject;
			attributes = {
				LastUpgradeCheck = 0430;
				ORGANIZATIONNAME = "VMware Inc";
			};
			buildConfigurationList = E593F56F1540C1CA00CA44CE /* Build configuration list for PBXProject "GemStone" */;
			compatibilityVersion = "Xcode 3.2";
			developmentRegion = English;
			hasScannedForEncodings = 0;
			knownRegions = (
				en,
			);
			mainGroup = E593F56A1540C1CA00CA44CE;
			productRefGroup = E593F5761540C1CA00CA44CE /* Products */;
			projectDirPath = "";
			projectRoot = "";
			targets = (
				E593F5741540C1CA00CA44CE /* GemStone */,
				E593F59B1540C1CA00CA44CE /* GemStoneTests */,
			);
		};
/* End PBXProject section */

/* Begin PBXResourcesBuildPhase section */
		E593F5731540C1CA00CA44CE /* Resources */ = {
			isa = PBXResourcesBuildPhase;
			buildActionMask = 2147483647;
			files = (
				E593F5841540C1CA00CA44CE /* InfoPlist.strings in Resources */,
				E593F58A1540C1CA00CA44CE /* Credits.rtf in Resources */,
				E593F5901540C1CA00CA44CE /* Document.xib in Resources */,
				E593F5931540C1CA00CA44CE /* MainMenu.xib in Resources */,
			);
			runOnlyForDeploymentPostprocessing = 0;
		};
		E593F5991540C1CA00CA44CE /* Resources */ = {
			isa = PBXResourcesBuildPhase;
			buildActionMask = 2147483647;
			files = (
				E593F5A71540C1CB00CA44CE /* InfoPlist.strings in Resources */,
			);
			runOnlyForDeploymentPostprocessing = 0;
		};
/* End PBXResourcesBuildPhase section */

/* Begin PBXShellScriptBuildPhase section */
		E593F59A1540C1CA00CA44CE /* ShellScript */ = {
			isa = PBXShellScriptBuildPhase;
			buildActionMask = 2147483647;
			files = (
			);
			inputPaths = (
			);
			outputPaths = (
			);
			runOnlyForDeploymentPostprocessing = 0;
			shellPath = /bin/sh;
			shellScript = "# Run the unit tests in this test bundle.\n\"${SYSTEM_DEVELOPER_DIR}/Tools/RunUnitTests\"\n";
		};
/* End PBXShellScriptBuildPhase section */

/* Begin PBXSourcesBuildPhase section */
		E593F5711540C1CA00CA44CE /* Sources */ = {
			isa = PBXSourcesBuildPhase;
			buildActionMask = 2147483647;
			files = (
				E593F5861540C1CA00CA44CE /* main.m in Sources */,
				E593F58D1540C1CA00CA44CE /* Document.m in Sources */,
				E593F5961540C1CA00CA44CE /* Document.xcdatamodeld in Sources */,
			);
			runOnlyForDeploymentPostprocessing = 0;
		};
		E593F5971540C1CA00CA44CE /* Sources */ = {
			isa = PBXSourcesBuildPhase;
			buildActionMask = 2147483647;
			files = (
				E593F5AA1540C1CB00CA44CE /* GemStoneTests.m in Sources */,
			);
			runOnlyForDeploymentPostprocessing = 0;
		};
/* End PBXSourcesBuildPhase section */

/* Begin PBXTargetDependency section */
		E593F5A11540C1CB00CA44CE /* PBXTargetDependency */ = {
			isa = PBXTargetDependency;
			target = E593F5741540C1CA00CA44CE /* GemStone */;
			targetProxy = E593F5A01540C1CB00CA44CE /* PBXContainerItemProxy */;
		};
/* End PBXTargetDependency section */

/* Begin PBXVariantGroup section */
		E593F5821540C1CA00CA44CE /* InfoPlist.strings */ = {
			isa = PBXVariantGroup;
			children = (
				E593F5831540C1CA00CA44CE /* en */,
			);
			name = InfoPlist.strings;
			sourceTree = "<group>";
		};
		E593F5881540C1CA00CA44CE /* Credits.rtf */ = {
			isa = PBXVariantGroup;
			children = (
				E593F5891540C1CA00CA44CE /* en */,
			);
			name = Credits.rtf;
			sourceTree = "<group>";
		};
		E593F58E1540C1CA00CA44CE /* Document.xib */ = {
			isa = PBXVariantGroup;
			children = (
				E593F58F1540C1CA00CA44CE /* en */,
			);
			name = Document.xib;
			sourceTree = "<group>";
		};
		E593F5911540C1CA00CA44CE /* MainMenu.xib */ = {
			isa = PBXVariantGroup;
			children = (
				E593F5921540C1CA00CA44CE /* en */,
			);
			name = MainMenu.xib;
			sourceTree = "<group>";
		};
		E593F5A51540C1CB00CA44CE /* InfoPlist.strings */ = {
			isa = PBXVariantGroup;
			children = (
				E593F5A61540C1CB00CA44CE /* en */,
			);
			name = InfoPlist.strings;
			sourceTree = "<group>";
		};
/* End PBXVariantGroup section */

/* Begin XCBuildConfiguration section */
		E593F5AB1540C1CB00CA44CE /* Debug */ = {
			isa = XCBuildConfiguration;
			buildSettings = {
				ALWAYS_SEARCH_USER_PATHS = NO;
				ARCHS = "$(ARCHS_STANDARD_64_BIT)";
				CLANG_ENABLE_OBJC_ARC = YES;
				COPY_PHASE_STRIP = NO;
				GCC_C_LANGUAGE_STANDARD = gnu99;
				GCC_DYNAMIC_NO_PIC = NO;
				GCC_ENABLE_OBJC_EXCEPTIONS = YES;
				GCC_OPTIMIZATION_LEVEL = 0;
				GCC_PREPROCESSOR_DEFINITIONS = (
					"DEBUG=1",
					"$(inherited)",
				);
				GCC_SYMBOLS_PRIVATE_EXTERN = NO;
				GCC_VERSION = com.apple.compilers.llvm.clang.1_0;
				GCC_WARN_64_TO_32_BIT_CONVERSION = YES;
				GCC_WARN_ABOUT_RETURN_TYPE = YES;
				GCC_WARN_UNINITIALIZED_AUTOS = YES;
				GCC_WARN_UNUSED_VARIABLE = YES;
				MACOSX_DEPLOYMENT_TARGET = 10.7;
				ONLY_ACTIVE_ARCH = YES;
				SDKROOT = macosx;
			};
			name = Debug;
		};
		E593F5AC1540C1CB00CA44CE /* Release */ = {
			isa = XCBuildConfiguration;
			buildSettings = {
				ALWAYS_SEARCH_USER_PATHS = NO;
				ARCHS = "$(ARCHS_STANDARD_64_BIT)";
				CLANG_ENABLE_OBJC_ARC = YES;
				COPY_PHASE_STRIP = YES;
				DEBUG_INFORMATION_FORMAT = "dwarf-with-dsym";
				GCC_C_LANGUAGE_STANDARD = gnu99;
				GCC_ENABLE_OBJC_EXCEPTIONS = YES;
				GCC_VERSION = com.apple.compilers.llvm.clang.1_0;
				GCC_WARN_64_TO_32_BIT_CONVERSION = YES;
				GCC_WARN_ABOUT_RETURN_TYPE = YES;
				GCC_WARN_UNINITIALIZED_AUTOS = YES;
				GCC_WARN_UNUSED_VARIABLE = YES;
				MACOSX_DEPLOYMENT_TARGET = 10.7;
				SDKROOT = macosx;
			};
			name = Release;
		};
		E593F5AE1540C1CB00CA44CE /* Debug */ = {
			isa = XCBuildConfiguration;
			buildSettings = {
				GCC_PRECOMPILE_PREFIX_HEADER = YES;
				GCC_PREFIX_HEADER = "GemStone/GemStone-Prefix.pch";
				INFOPLIST_FILE = "GemStone/GemStone-Info.plist";
				PRODUCT_NAME = "$(TARGET_NAME)";
				WRAPPER_EXTENSION = app;
			};
			name = Debug;
		};
		E593F5AF1540C1CB00CA44CE /* Release */ = {
			isa = XCBuildConfiguration;
			buildSettings = {
				GCC_PRECOMPILE_PREFIX_HEADER = YES;
				GCC_PREFIX_HEADER = "GemStone/GemStone-Prefix.pch";
				INFOPLIST_FILE = "GemStone/GemStone-Info.plist";
				PRODUCT_NAME = "$(TARGET_NAME)";
				WRAPPER_EXTENSION = app;
			};
			name = Release;
		};
		E593F5B11540C1CB00CA44CE /* Debug */ = {
			isa = XCBuildConfiguration;
			buildSettings = {
				BUNDLE_LOADER = "$(BUILT_PRODUCTS_DIR)/GemStone.app/Contents/MacOS/GemStone";
				FRAMEWORK_SEARCH_PATHS = "$(DEVELOPER_LIBRARY_DIR)/Frameworks";
				GCC_PRECOMPILE_PREFIX_HEADER = YES;
				GCC_PREFIX_HEADER = "GemStone/GemStone-Prefix.pch";
				INFOPLIST_FILE = "GemStoneTests/GemStoneTests-Info.plist";
				PRODUCT_NAME = "$(TARGET_NAME)";
				TEST_HOST = "$(BUNDLE_LOADER)";
				WRAPPER_EXTENSION = octest;
			};
			name = Debug;
		};
		E593F5B21540C1CB00CA44CE /* Release */ = {
			isa = XCBuildConfiguration;
			buildSettings = {
				BUNDLE_LOADER = "$(BUILT_PRODUCTS_DIR)/GemStone.app/Contents/MacOS/GemStone";
				FRAMEWORK_SEARCH_PATHS = "$(DEVELOPER_LIBRARY_DIR)/Frameworks";
				GCC_PRECOMPILE_PREFIX_HEADER = YES;
				GCC_PREFIX_HEADER = "GemStone/GemStone-Prefix.pch";
				INFOPLIST_FILE = "GemStoneTests/GemStoneTests-Info.plist";
				PRODUCT_NAME = "$(TARGET_NAME)";
				TEST_HOST = "$(BUNDLE_LOADER)";
				WRAPPER_EXTENSION = octest;
			};
			name = Release;
		};
/* End XCBuildConfiguration section */

/* Begin XCConfigurationList section */
		E593F56F1540C1CA00CA44CE /* Build configuration list for PBXProject "GemStone" */ = {
			isa = XCConfigurationList;
			buildConfigurations = (
				E593F5AB1540C1CB00CA44CE /* Debug */,
				E593F5AC1540C1CB00CA44CE /* Release */,
			);
			defaultConfigurationIsVisible = 0;
			defaultConfigurationName = Release;
		};
		E593F5AD1540C1CB00CA44CE /* Build configuration list for PBXNativeTarget "GemStone" */ = {
			isa = XCConfigurationList;
			buildConfigurations = (
				E593F5AE1540C1CB00CA44CE /* Debug */,
				E593F5AF1540C1CB00CA44CE /* Release */,
			);
			defaultConfigurationIsVisible = 0;
		};
		E593F5B01540C1CB00CA44CE /* Build configuration list for PBXNativeTarget "GemStoneTests" */ = {
			isa = XCConfigurationList;
			buildConfigurations = (
				E593F5B11540C1CB00CA44CE /* Debug */,
				E593F5B21540C1CB00CA44CE /* Release */,
			);
			defaultConfigurationIsVisible = 0;
		};
/* End XCConfigurationList section */

/* Begin XCVersionGroup section */
		E593F5941540C1CA00CA44CE /* Document.xcdatamodeld */ = {
			isa = XCVersionGroup;
			children = (
				E593F5951540C1CA00CA44CE /* Document.xcdatamodel */,
			);
			currentVersion = E593F5951540C1CA00CA44CE /* Document.xcdatamodel */;
			path = Document.xcdatamodeld;
			sourceTree = "<group>";
			versionGroupType = wrapper.xcdatamodel;
		};
/* End XCVersionGroup section */
	};
	rootObject = E593F56C1540C1CA00CA44CE /* Project object */;
}
