// !$*UTF8*$!
{
	archiveVersion = 1;
	classes = {
	};
	objectVersion = 48;
	objects = {

/* Begin PBXBuildFile section */
		E51317D215AF7CFB007ADCFF /* Statmonitor.m in Sources */ = {isa = PBXBuildFile; fileRef = E51317D115AF7CFB007ADCFF /* Statmonitor.m */; };
		E51317D615AF8F44007ADCFF /* CopyDBF.m in Sources */ = {isa = PBXBuildFile; fileRef = E51317D515AF8F44007ADCFF /* CopyDBF.m */; };
		E5143A4215ADE28B00DDAD01 /* LogFile.m in Sources */ = {isa = PBXBuildFile; fileRef = E5143A4115ADE28B00DDAD01 /* LogFile.m */; };
		E51C7D1B1E2D651C00C37ACC /* com.GemTalk.GemStone.Helper in CopyFiles */ = {isa = PBXBuildFile; fileRef = E51C7D0E1E2D437A00C37ACC /* com.GemTalk.GemStone.Helper */; settings = {ATTRIBUTES = (CodeSignOnCopy, ); }; };
		E52678E517F26B17006CD274 /* Terminal.m in Sources */ = {isa = PBXBuildFile; fileRef = E52678E417F26B17006CD274 /* Terminal.m */; };
		E52AA97416093CE900CE9A72 /* DataModel.xcdatamodeld in Sources */ = {isa = PBXBuildFile; fileRef = E52AA97116093CE900CE9A72 /* DataModel.xcdatamodeld */; };
		E54DFBE115B734130086920B /* VSD.m in Sources */ = {isa = PBXBuildFile; fileRef = E54DFBE015B734130086920B /* VSD.m */; };
		E554E9711541C4C800A08D05 /* AppController.m in Sources */ = {isa = PBXBuildFile; fileRef = E554E9701541C4C800A08D05 /* AppController.m */; };
		E554E9991541FC5300A08D05 /* ServiceManagement.framework in Frameworks */ = {isa = PBXBuildFile; fileRef = E554E9981541FC5300A08D05 /* ServiceManagement.framework */; };
		E554E99B1541FC6600A08D05 /* Security.framework in Frameworks */ = {isa = PBXBuildFile; fileRef = E554E99A1541FC6600A08D05 /* Security.framework */; };
		E565CC3A1E2C73D600C4073A /* Helper.m in Sources */ = {isa = PBXBuildFile; fileRef = E565CC391E2C73D600C4073A /* Helper.m */; };
		E567210115B4A8A2000E93C5 /* Topaz.m in Sources */ = {isa = PBXBuildFile; fileRef = E567210015B4A8A2000E93C5 /* Topaz.m */; };
		E567E94D160A43480024905D /* UnzipVersion.m in Sources */ = {isa = PBXBuildFile; fileRef = E567E94C160A43470024905D /* UnzipVersion.m */; };
		E5697C5315AC8D510000BE4D /* GSList.m in Sources */ = {isa = PBXBuildFile; fileRef = E5697C5215AC8D510000BE4D /* GSList.m */; };
		E5697C5715ACA3AA0000BE4D /* StopNetLDI.m in Sources */ = {isa = PBXBuildFile; fileRef = E5697C5615ACA3AA0000BE4D /* StopNetLDI.m */; };
		E570538815582FA8001686F1 /* DownloadVersionList.m in Sources */ = {isa = PBXBuildFile; fileRef = E570538715582FA8001686F1 /* DownloadVersionList.m */; };
		E57F4E511E2ED1600008B42F /* Info.plist in Resources */ = {isa = PBXBuildFile; fileRef = E57F4E4E1E2ED1600008B42F /* Info.plist */; };
		E57F4E521E2ED1600008B42F /* Launchd.plist in Resources */ = {isa = PBXBuildFile; fileRef = E57F4E4F1E2ED1600008B42F /* Launchd.plist */; };
		E57F4E541E2ED1900008B42F /* main.c in Sources */ = {isa = PBXBuildFile; fileRef = E57F4E501E2ED1600008B42F /* main.c */; };
		E593417A15AB590A00618792 /* ExceptionHandling.framework in Frameworks */ = {isa = PBXBuildFile; fileRef = E593417915AB590A00618792 /* ExceptionHandling.framework */; };
		E593417D15AB862800618792 /* Utilities.m in Sources */ = {isa = PBXBuildFile; fileRef = E593417C15AB862800618792 /* Utilities.m */; };
		E593418015AB9B1200618792 /* DatabaseTask.m in Sources */ = {isa = PBXBuildFile; fileRef = E593417F15AB9B1200618792 /* DatabaseTask.m */; };
		E593418315AB9BCA00618792 /* StopStone.m in Sources */ = {isa = PBXBuildFile; fileRef = E593418215AB9BCA00618792 /* StopStone.m */; };
		E593418615ABB78000618792 /* StartNetLDI.m in Sources */ = {isa = PBXBuildFile; fileRef = E593418515ABB77F00618792 /* StartNetLDI.m */; };
		E5939EBB15ABE067005ECBC5 /* WaitStone.m in Sources */ = {isa = PBXBuildFile; fileRef = E5939EBA15ABE067005ECBC5 /* WaitStone.m */; };
		E593F57A1540C1CA00CA44CE /* Cocoa.framework in Frameworks */ = {isa = PBXBuildFile; fileRef = E593F5791540C1CA00CA44CE /* Cocoa.framework */; };
		E593F5841540C1CA00CA44CE /* InfoPlist.strings in Resources */ = {isa = PBXBuildFile; fileRef = E593F5821540C1CA00CA44CE /* InfoPlist.strings */; };
		E593F5861540C1CA00CA44CE /* main.m in Sources */ = {isa = PBXBuildFile; fileRef = E593F5851540C1CA00CA44CE /* main.m */; };
		E593F58A1540C1CA00CA44CE /* Credits.rtf in Resources */ = {isa = PBXBuildFile; fileRef = E593F5881540C1CA00CA44CE /* Credits.rtf */; };
		E593F5931540C1CA00CA44CE /* MainMenu.xib in Resources */ = {isa = PBXBuildFile; fileRef = E593F5911540C1CA00CA44CE /* MainMenu.xib */; };
		E593F59F1540C1CB00CA44CE /* Cocoa.framework in Frameworks */ = {isa = PBXBuildFile; fileRef = E593F5791540C1CA00CA44CE /* Cocoa.framework */; };
		E593F5A71540C1CB00CA44CE /* InfoPlist.strings in Resources */ = {isa = PBXBuildFile; fileRef = E593F5A51540C1CB00CA44CE /* InfoPlist.strings */; };
		E593F5AA1540C1CB00CA44CE /* GemStoneTests.m in Sources */ = {isa = PBXBuildFile; fileRef = E593F5A91540C1CB00CA44CE /* GemStoneTests.m */; };
		E593F5B41540C1E000CA44CE /* GemStone.icns in Resources */ = {isa = PBXBuildFile; fileRef = E593F5B31540C1E000CA44CE /* GemStone.icns */; };
		E5A9D66815A78EFA006D51D1 /* Download.m in Sources */ = {isa = PBXBuildFile; fileRef = E5A9D66715A78EFA006D51D1 /* Download.m */; };
		E5B50B09155B291B00BE1A65 /* DownloadVersion.m in Sources */ = {isa = PBXBuildFile; fileRef = E5B50B08155B291B00BE1A65 /* DownloadVersion.m */; };
		E5B984BA1767646E00831AB3 /* StartCacheWarmer.m in Sources */ = {isa = PBXBuildFile; fileRef = E5B984B91767646E00831AB3 /* StartCacheWarmer.m */; };
		E5E33C2815547ADF002B1E9F /* Version.m in Sources */ = {isa = PBXBuildFile; fileRef = E5E33C2515547ADF002B1E9F /* Version.m */; };
		E5E381D01805B5FA007DDCF7 /* system.conf in Resources */ = {isa = PBXBuildFile; fileRef = E5E381CF1805B5FA007DDCF7 /* system.conf */; };
		E5E381D41805B6F6007DDCF7 /* gem.conf in Resources */ = {isa = PBXBuildFile; fileRef = E5E381D31805B6F6007DDCF7 /* gem.conf */; };
		E5E381D71805C55E007DDCF7 /* stone.conf in Resources */ = {isa = PBXBuildFile; fileRef = E5E381D61805C55E007DDCF7 /* stone.conf */; };
		E5F05E5315A39C3100D6FCC7 /* Task.m in Sources */ = {isa = PBXBuildFile; fileRef = E5F05E5215A39C3100D6FCC7 /* Task.m */; };
		E5F05E5715A39EAB00D6FCC7 /* StartStone.m in Sources */ = {isa = PBXBuildFile; fileRef = E5F05E5615A39EAB00D6FCC7 /* StartStone.m */; };
		E5FD0F041565ECA300045B4D /* Database.m in Sources */ = {isa = PBXBuildFile; fileRef = E5FD0F031565ECA300045B4D /* Database.m */; };
/* End PBXBuildFile section */

/* Begin PBXContainerItemProxy section */
		E51C7D191E2D647700C37ACC /* PBXContainerItemProxy */ = {
			isa = PBXContainerItemProxy;
			containerPortal = E593F56C1540C1CA00CA44CE /* Project object */;
			proxyType = 1;
			remoteGlobalIDString = E51C7D0D1E2D437A00C37ACC;
			remoteInfo = com.GemTalk.GemStone.HelperXPC;
		};
		E593F5A01540C1CB00CA44CE /* PBXContainerItemProxy */ = {
			isa = PBXContainerItemProxy;
			containerPortal = E593F56C1540C1CA00CA44CE /* Project object */;
			proxyType = 1;
			remoteGlobalIDString = E593F5741540C1CA00CA44CE;
			remoteInfo = GemStone;
		};
		E5CA1EDD1628DD4300997041 /* PBXContainerItemProxy */ = {
			isa = PBXContainerItemProxy;
			containerPortal = E593F56C1540C1CA00CA44CE /* Project object */;
			proxyType = 1;
			remoteGlobalIDString = E593F5741540C1CA00CA44CE;
			remoteInfo = GemStone;
		};
/* End PBXContainerItemProxy section */

/* Begin PBXCopyFilesBuildPhase section */
		E5DDDEB1154202A7006F168D /* CopyFiles */ = {
			isa = PBXCopyFilesBuildPhase;
			buildActionMask = 2147483647;
			dstPath = Contents/Library/LaunchServices;
			dstSubfolderSpec = 1;
			files = (
				E51C7D1B1E2D651C00C37ACC /* com.GemTalk.GemStone.Helper in CopyFiles */,
			);
			runOnlyForDeploymentPostprocessing = 0;
		};
/* End PBXCopyFilesBuildPhase section */

/* Begin PBXFileReference section */
		E51317D015AF7CFB007ADCFF /* Statmonitor.h */ = {isa = PBXFileReference; fileEncoding = 4; lastKnownFileType = sourcecode.c.h; path = Statmonitor.h; sourceTree = "<group>"; };
		E51317D115AF7CFB007ADCFF /* Statmonitor.m */ = {isa = PBXFileReference; fileEncoding = 4; lastKnownFileType = sourcecode.c.objc; path = Statmonitor.m; sourceTree = "<group>"; };
		E51317D415AF8F44007ADCFF /* CopyDBF.h */ = {isa = PBXFileReference; fileEncoding = 4; lastKnownFileType = sourcecode.c.h; path = CopyDBF.h; sourceTree = "<group>"; };
		E51317D515AF8F44007ADCFF /* CopyDBF.m */ = {isa = PBXFileReference; fileEncoding = 4; lastKnownFileType = sourcecode.c.objc; path = CopyDBF.m; sourceTree = "<group>"; };
		E5143A4015ADE28B00DDAD01 /* LogFile.h */ = {isa = PBXFileReference; fileEncoding = 4; lastKnownFileType = sourcecode.c.h; path = LogFile.h; sourceTree = "<group>"; };
		E5143A4115ADE28B00DDAD01 /* LogFile.m */ = {isa = PBXFileReference; fileEncoding = 4; lastKnownFileType = sourcecode.c.objc; path = LogFile.m; sourceTree = "<group>"; };
		E51C7D0E1E2D437A00C37ACC /* com.GemTalk.GemStone.Helper */ = {isa = PBXFileReference; explicitFileType = "compiled.mach-o.executable"; includeInIndex = 0; path = com.GemTalk.GemStone.Helper; sourceTree = BUILT_PRODUCTS_DIR; };
		E52678E317F26B17006CD274 /* Terminal.h */ = {isa = PBXFileReference; fileEncoding = 4; lastKnownFileType = sourcecode.c.h; path = Terminal.h; sourceTree = "<group>"; };
		E52678E417F26B17006CD274 /* Terminal.m */ = {isa = PBXFileReference; fileEncoding = 4; lastKnownFileType = sourcecode.c.objc; path = Terminal.m; sourceTree = "<group>"; };
		E52AA97216093CE900CE9A72 /* DataModel 2.xcdatamodel */ = {isa = PBXFileReference; lastKnownFileType = wrapper.xcdatamodel; path = "DataModel 2.xcdatamodel"; sourceTree = "<group>"; };
		E52AA97316093CE900CE9A72 /* DataModel.xcdatamodel */ = {isa = PBXFileReference; lastKnownFileType = wrapper.xcdatamodel; path = DataModel.xcdatamodel; sourceTree = "<group>"; };
		E54DFBDF15B734130086920B /* VSD.h */ = {isa = PBXFileReference; fileEncoding = 4; lastKnownFileType = sourcecode.c.h; path = VSD.h; sourceTree = "<group>"; };
		E54DFBE015B734130086920B /* VSD.m */ = {isa = PBXFileReference; fileEncoding = 4; lastKnownFileType = sourcecode.c.objc; path = VSD.m; sourceTree = "<group>"; };
		E554E96F1541C4C800A08D05 /* AppController.h */ = {isa = PBXFileReference; fileEncoding = 4; lastKnownFileType = sourcecode.c.h; path = AppController.h; sourceTree = "<group>"; };
		E554E9701541C4C800A08D05 /* AppController.m */ = {isa = PBXFileReference; fileEncoding = 4; lastKnownFileType = sourcecode.c.objc; path = AppController.m; sourceTree = "<group>"; };
		E554E9981541FC5300A08D05 /* ServiceManagement.framework */ = {isa = PBXFileReference; lastKnownFileType = wrapper.framework; name = ServiceManagement.framework; path = System/Library/Frameworks/ServiceManagement.framework; sourceTree = SDKROOT; };
		E554E99A1541FC6600A08D05 /* Security.framework */ = {isa = PBXFileReference; lastKnownFileType = wrapper.framework; name = Security.framework; path = System/Library/Frameworks/Security.framework; sourceTree = SDKROOT; };
		E565CC381E2C73C600C4073A /* Helper.h */ = {isa = PBXFileReference; fileEncoding = 4; lastKnownFileType = sourcecode.c.h; path = Helper.h; sourceTree = "<group>"; };
		E565CC391E2C73D600C4073A /* Helper.m */ = {isa = PBXFileReference; fileEncoding = 4; lastKnownFileType = sourcecode.c.objc; path = Helper.m; sourceTree = "<group>"; };
		E56720FF15B4A8A2000E93C5 /* Topaz.h */ = {isa = PBXFileReference; fileEncoding = 4; lastKnownFileType = sourcecode.c.h; path = Topaz.h; sourceTree = "<group>"; };
		E567210015B4A8A2000E93C5 /* Topaz.m */ = {isa = PBXFileReference; fileEncoding = 4; lastKnownFileType = sourcecode.c.objc; path = Topaz.m; sourceTree = "<group>"; };
		E567E94B160A43470024905D /* UnzipVersion.h */ = {isa = PBXFileReference; fileEncoding = 4; lastKnownFileType = sourcecode.c.h; path = UnzipVersion.h; sourceTree = "<group>"; };
		E567E94C160A43470024905D /* UnzipVersion.m */ = {isa = PBXFileReference; fileEncoding = 4; lastKnownFileType = sourcecode.c.objc; path = UnzipVersion.m; sourceTree = "<group>"; };
		E5697C5115AC8D510000BE4D /* GSList.h */ = {isa = PBXFileReference; fileEncoding = 4; lastKnownFileType = sourcecode.c.h; path = GSList.h; sourceTree = "<group>"; };
		E5697C5215AC8D510000BE4D /* GSList.m */ = {isa = PBXFileReference; fileEncoding = 4; lastKnownFileType = sourcecode.c.objc; path = GSList.m; sourceTree = "<group>"; };
		E5697C5515ACA3AA0000BE4D /* StopNetLDI.h */ = {isa = PBXFileReference; fileEncoding = 4; lastKnownFileType = sourcecode.c.h; path = StopNetLDI.h; sourceTree = "<group>"; };
		E5697C5615ACA3AA0000BE4D /* StopNetLDI.m */ = {isa = PBXFileReference; fileEncoding = 4; lastKnownFileType = sourcecode.c.objc; path = StopNetLDI.m; sourceTree = "<group>"; };
		E570538615582FA8001686F1 /* DownloadVersionList.h */ = {isa = PBXFileReference; fileEncoding = 4; lastKnownFileType = sourcecode.c.h; path = DownloadVersionList.h; sourceTree = "<group>"; };
		E570538715582FA8001686F1 /* DownloadVersionList.m */ = {isa = PBXFileReference; fileEncoding = 4; lastKnownFileType = sourcecode.c.objc; path = DownloadVersionList.m; sourceTree = "<group>"; };
		E57F4E4E1E2ED1600008B42F /* Info.plist */ = {isa = PBXFileReference; fileEncoding = 4; lastKnownFileType = text.plist.xml; name = Info.plist; path = Helper/Info.plist; sourceTree = "<group>"; };
		E57F4E4F1E2ED1600008B42F /* Launchd.plist */ = {isa = PBXFileReference; fileEncoding = 4; lastKnownFileType = text.plist.xml; name = Launchd.plist; path = Helper/Launchd.plist; sourceTree = "<group>"; };
		E57F4E501E2ED1600008B42F /* main.c */ = {isa = PBXFileReference; fileEncoding = 4; lastKnownFileType = sourcecode.c.c; name = main.c; path = Helper/main.c; sourceTree = "<group>"; };
		E57F4E561E2EE1700008B42F /* HelperTool.h */ = {isa = PBXFileReference; fileEncoding = 4; lastKnownFileType = sourcecode.c.h; name = HelperTool.h; path = Helper/HelperTool.h; sourceTree = "<group>"; };
		E593417915AB590A00618792 /* ExceptionHandling.framework */ = {isa = PBXFileReference; lastKnownFileType = wrapper.framework; name = ExceptionHandling.framework; path = System/Library/Frameworks/ExceptionHandling.framework; sourceTree = SDKROOT; };
		E593417B15AB862800618792 /* Utilities.h */ = {isa = PBXFileReference; fileEncoding = 4; lastKnownFileType = sourcecode.c.h; path = Utilities.h; sourceTree = "<group>"; };
		E593417C15AB862800618792 /* Utilities.m */ = {isa = PBXFileReference; fileEncoding = 4; lastKnownFileType = sourcecode.c.objc; path = Utilities.m; sourceTree = "<group>"; };
		E593417E15AB9B1200618792 /* DatabaseTask.h */ = {isa = PBXFileReference; fileEncoding = 4; lastKnownFileType = sourcecode.c.h; path = DatabaseTask.h; sourceTree = "<group>"; };
		E593417F15AB9B1200618792 /* DatabaseTask.m */ = {isa = PBXFileReference; fileEncoding = 4; lastKnownFileType = sourcecode.c.objc; path = DatabaseTask.m; sourceTree = "<group>"; };
		E593418115AB9BC900618792 /* StopStone.h */ = {isa = PBXFileReference; fileEncoding = 4; lastKnownFileType = sourcecode.c.h; path = StopStone.h; sourceTree = "<group>"; };
		E593418215AB9BCA00618792 /* StopStone.m */ = {isa = PBXFileReference; fileEncoding = 4; lastKnownFileType = sourcecode.c.objc; path = StopStone.m; sourceTree = "<group>"; };
		E593418415ABB77F00618792 /* StartNetLDI.h */ = {isa = PBXFileReference; fileEncoding = 4; lastKnownFileType = sourcecode.c.h; path = StartNetLDI.h; sourceTree = "<group>"; };
		E593418515ABB77F00618792 /* StartNetLDI.m */ = {isa = PBXFileReference; fileEncoding = 4; lastKnownFileType = sourcecode.c.objc; path = StartNetLDI.m; sourceTree = "<group>"; };
		E5939EB915ABE066005ECBC5 /* WaitStone.h */ = {isa = PBXFileReference; fileEncoding = 4; lastKnownFileType = sourcecode.c.h; path = WaitStone.h; sourceTree = "<group>"; };
		E5939EBA15ABE067005ECBC5 /* WaitStone.m */ = {isa = PBXFileReference; fileEncoding = 4; lastKnownFileType = sourcecode.c.objc; path = WaitStone.m; sourceTree = "<group>"; };
		E593F5751540C1CA00CA44CE /* GemStone.app */ = {isa = PBXFileReference; explicitFileType = wrapper.application; includeInIndex = 0; path = GemStone.app; sourceTree = BUILT_PRODUCTS_DIR; };
		E593F5791540C1CA00CA44CE /* Cocoa.framework */ = {isa = PBXFileReference; lastKnownFileType = wrapper.framework; name = Cocoa.framework; path = System/Library/Frameworks/Cocoa.framework; sourceTree = SDKROOT; };
		E593F57C1540C1CA00CA44CE /* AppKit.framework */ = {isa = PBXFileReference; lastKnownFileType = wrapper.framework; name = AppKit.framework; path = System/Library/Frameworks/AppKit.framework; sourceTree = SDKROOT; };
		E593F57D1540C1CA00CA44CE /* CoreData.framework */ = {isa = PBXFileReference; lastKnownFileType = wrapper.framework; name = CoreData.framework; path = System/Library/Frameworks/CoreData.framework; sourceTree = SDKROOT; };
		E593F57E1540C1CA00CA44CE /* Foundation.framework */ = {isa = PBXFileReference; lastKnownFileType = wrapper.framework; name = Foundation.framework; path = System/Library/Frameworks/Foundation.framework; sourceTree = SDKROOT; };
		E593F5811540C1CA00CA44CE /* GemStone-Info.plist */ = {isa = PBXFileReference; lastKnownFileType = text.plist.xml; path = "GemStone-Info.plist"; sourceTree = "<group>"; };
		E593F5831540C1CA00CA44CE /* en */ = {isa = PBXFileReference; lastKnownFileType = text.plist.strings; name = en; path = en.lproj/InfoPlist.strings; sourceTree = "<group>"; };
		E593F5851540C1CA00CA44CE /* main.m */ = {isa = PBXFileReference; lastKnownFileType = sourcecode.c.objc; path = main.m; sourceTree = "<group>"; };
		E593F5871540C1CA00CA44CE /* GemStone-Prefix.pch */ = {isa = PBXFileReference; lastKnownFileType = sourcecode.c.h; path = "GemStone-Prefix.pch"; sourceTree = "<group>"; };
		E593F5891540C1CA00CA44CE /* en */ = {isa = PBXFileReference; lastKnownFileType = text.rtf; name = en; path = en.lproj/Credits.rtf; sourceTree = "<group>"; };
		E593F5921540C1CA00CA44CE /* en */ = {isa = PBXFileReference; lastKnownFileType = file.xib; name = en; path = en.lproj/MainMenu.xib; sourceTree = "<group>"; };
		E593F59C1540C1CB00CA44CE /* GemStoneTests.xctest */ = {isa = PBXFileReference; explicitFileType = wrapper.cfbundle; includeInIndex = 0; path = GemStoneTests.xctest; sourceTree = BUILT_PRODUCTS_DIR; };
		E593F5A41540C1CB00CA44CE /* GemStoneTests-Info.plist */ = {isa = PBXFileReference; lastKnownFileType = text.plist.xml; path = "GemStoneTests-Info.plist"; sourceTree = "<group>"; };
		E593F5A61540C1CB00CA44CE /* en */ = {isa = PBXFileReference; lastKnownFileType = text.plist.strings; name = en; path = en.lproj/InfoPlist.strings; sourceTree = "<group>"; };
		E593F5A81540C1CB00CA44CE /* GemStoneTests.h */ = {isa = PBXFileReference; lastKnownFileType = sourcecode.c.h; path = GemStoneTests.h; sourceTree = "<group>"; };
		E593F5A91540C1CB00CA44CE /* GemStoneTests.m */ = {isa = PBXFileReference; lastKnownFileType = sourcecode.c.objc; path = GemStoneTests.m; sourceTree = "<group>"; };
		E593F5B31540C1E000CA44CE /* GemStone.icns */ = {isa = PBXFileReference; lastKnownFileType = image.icns; path = GemStone.icns; sourceTree = SOURCE_ROOT; };
		E5A9D66615A78EFA006D51D1 /* Download.h */ = {isa = PBXFileReference; fileEncoding = 4; lastKnownFileType = sourcecode.c.h; path = Download.h; sourceTree = "<group>"; };
		E5A9D66715A78EFA006D51D1 /* Download.m */ = {isa = PBXFileReference; fileEncoding = 4; lastKnownFileType = sourcecode.c.objc; path = Download.m; sourceTree = "<group>"; };
		E5B50B07155B291B00BE1A65 /* DownloadVersion.h */ = {isa = PBXFileReference; fileEncoding = 4; lastKnownFileType = sourcecode.c.h; path = DownloadVersion.h; sourceTree = "<group>"; };
		E5B50B08155B291B00BE1A65 /* DownloadVersion.m */ = {isa = PBXFileReference; fileEncoding = 4; lastKnownFileType = sourcecode.c.objc; path = DownloadVersion.m; sourceTree = "<group>"; };
		E5B984B81767646E00831AB3 /* StartCacheWarmer.h */ = {isa = PBXFileReference; fileEncoding = 4; lastKnownFileType = sourcecode.c.h; path = StartCacheWarmer.h; sourceTree = "<group>"; };
		E5B984B91767646E00831AB3 /* StartCacheWarmer.m */ = {isa = PBXFileReference; fileEncoding = 4; lastKnownFileType = sourcecode.c.objc; path = StartCacheWarmer.m; sourceTree = "<group>"; };
		E5CA1EDF1628DF0200997041 /* buildDistribution.sh */ = {isa = PBXFileReference; fileEncoding = 4; lastKnownFileType = text.script.sh; path = buildDistribution.sh; sourceTree = "<group>"; };
		E5E33C2415547ADF002B1E9F /* Version.h */ = {isa = PBXFileReference; fileEncoding = 4; lastKnownFileType = sourcecode.c.h; path = Version.h; sourceTree = "<group>"; };
		E5E33C2515547ADF002B1E9F /* Version.m */ = {isa = PBXFileReference; fileEncoding = 4; lastKnownFileType = sourcecode.c.objc; path = Version.m; sourceTree = "<group>"; };
		E5E381CF1805B5FA007DDCF7 /* system.conf */ = {isa = PBXFileReference; fileEncoding = 4; lastKnownFileType = text; path = system.conf; sourceTree = "<group>"; };
		E5E381D31805B6F6007DDCF7 /* gem.conf */ = {isa = PBXFileReference; fileEncoding = 4; lastKnownFileType = text; path = gem.conf; sourceTree = "<group>"; };
		E5E381D61805C55E007DDCF7 /* stone.conf */ = {isa = PBXFileReference; fileEncoding = 4; lastKnownFileType = text; path = stone.conf; sourceTree = "<group>"; };
		E5F05E5115A39C3100D6FCC7 /* Task.h */ = {isa = PBXFileReference; fileEncoding = 4; lastKnownFileType = sourcecode.c.h; path = Task.h; sourceTree = "<group>"; };
		E5F05E5215A39C3100D6FCC7 /* Task.m */ = {isa = PBXFileReference; fileEncoding = 4; lastKnownFileType = sourcecode.c.objc; path = Task.m; sourceTree = "<group>"; };
		E5F05E5515A39EAB00D6FCC7 /* StartStone.h */ = {isa = PBXFileReference; fileEncoding = 4; lastKnownFileType = sourcecode.c.h; path = StartStone.h; sourceTree = "<group>"; };
		E5F05E5615A39EAB00D6FCC7 /* StartStone.m */ = {isa = PBXFileReference; fileEncoding = 4; lastKnownFileType = sourcecode.c.objc; path = StartStone.m; sourceTree = "<group>"; };
		E5FD0F021565ECA300045B4D /* Database.h */ = {isa = PBXFileReference; fileEncoding = 4; lastKnownFileType = sourcecode.c.h; path = Database.h; sourceTree = "<group>"; };
		E5FD0F031565ECA300045B4D /* Database.m */ = {isa = PBXFileReference; fileEncoding = 4; lastKnownFileType = sourcecode.c.objc; path = Database.m; sourceTree = "<group>"; };
/* End PBXFileReference section */

/* Begin PBXFrameworksBuildPhase section */
		E51C7D0B1E2D437A00C37ACC /* Frameworks */ = {
			isa = PBXFrameworksBuildPhase;
			buildActionMask = 2147483647;
			files = (
			);
			runOnlyForDeploymentPostprocessing = 0;
		};
		E593F5721540C1CA00CA44CE /* Frameworks */ = {
			isa = PBXFrameworksBuildPhase;
			buildActionMask = 2147483647;
			files = (
				E593417A15AB590A00618792 /* ExceptionHandling.framework in Frameworks */,
				E593F57A1540C1CA00CA44CE /* Cocoa.framework in Frameworks */,
				E554E9991541FC5300A08D05 /* ServiceManagement.framework in Frameworks */,
				E554E99B1541FC6600A08D05 /* Security.framework in Frameworks */,
			);
			runOnlyForDeploymentPostprocessing = 0;
		};
		E593F5981540C1CA00CA44CE /* Frameworks */ = {
			isa = PBXFrameworksBuildPhase;
			buildActionMask = 2147483647;
			files = (
				E593F59F1540C1CB00CA44CE /* Cocoa.framework in Frameworks */,
			);
			runOnlyForDeploymentPostprocessing = 0;
		};
/* End PBXFrameworksBuildPhase section */

/* Begin PBXGroup section */
		E5143A4415ADE29B00DDAD01 /* Tasks */ = {
			isa = PBXGroup;
			children = (
				E51317D415AF8F44007ADCFF /* CopyDBF.h */,
				E51317D515AF8F44007ADCFF /* CopyDBF.m */,
				E593417E15AB9B1200618792 /* DatabaseTask.h */,
				E593417F15AB9B1200618792 /* DatabaseTask.m */,
				E5A9D66615A78EFA006D51D1 /* Download.h */,
				E5A9D66715A78EFA006D51D1 /* Download.m */,
				E5B50B07155B291B00BE1A65 /* DownloadVersion.h */,
				E5B50B08155B291B00BE1A65 /* DownloadVersion.m */,
				E570538615582FA8001686F1 /* DownloadVersionList.h */,
				E570538715582FA8001686F1 /* DownloadVersionList.m */,
				E5697C5115AC8D510000BE4D /* GSList.h */,
				E5697C5215AC8D510000BE4D /* GSList.m */,
				E5B984B81767646E00831AB3 /* StartCacheWarmer.h */,
				E5B984B91767646E00831AB3 /* StartCacheWarmer.m */,
				E593418415ABB77F00618792 /* StartNetLDI.h */,
				E593418515ABB77F00618792 /* StartNetLDI.m */,
				E5F05E5515A39EAB00D6FCC7 /* StartStone.h */,
				E5F05E5615A39EAB00D6FCC7 /* StartStone.m */,
				E51317D015AF7CFB007ADCFF /* Statmonitor.h */,
				E51317D115AF7CFB007ADCFF /* Statmonitor.m */,
				E5697C5515ACA3AA0000BE4D /* StopNetLDI.h */,
				E5697C5615ACA3AA0000BE4D /* StopNetLDI.m */,
				E593418115AB9BC900618792 /* StopStone.h */,
				E593418215AB9BCA00618792 /* StopStone.m */,
				E5F05E5115A39C3100D6FCC7 /* Task.h */,
				E5F05E5215A39C3100D6FCC7 /* Task.m */,
				E52678E317F26B17006CD274 /* Terminal.h */,
				E52678E417F26B17006CD274 /* Terminal.m */,
				E56720FF15B4A8A2000E93C5 /* Topaz.h */,
				E567210015B4A8A2000E93C5 /* Topaz.m */,
				E567E94B160A43470024905D /* UnzipVersion.h */,
				E567E94C160A43470024905D /* UnzipVersion.m */,
				E54DFBDF15B734130086920B /* VSD.h */,
				E54DFBE015B734130086920B /* VSD.m */,
				E5939EB915ABE066005ECBC5 /* WaitStone.h */,
				E5939EBA15ABE067005ECBC5 /* WaitStone.m */,
			);
			name = Tasks;
			sourceTree = "<group>";
		};
		E57F4E471E2ECF460008B42F /* Helper */ = {
			isa = PBXGroup;
			children = (
				E57F4E561E2EE1700008B42F /* HelperTool.h */,
				E57F4E4E1E2ED1600008B42F /* Info.plist */,
				E57F4E4F1E2ED1600008B42F /* Launchd.plist */,
				E57F4E501E2ED1600008B42F /* main.c */,
			);
			name = Helper;
			sourceTree = "<group>";
		};
		E593F56A1540C1CA00CA44CE = {
			isa = PBXGroup;
			children = (
				E593F57F1540C1CA00CA44CE /* GemStone */,
				E57F4E471E2ECF460008B42F /* Helper */,
				E593F5A21540C1CB00CA44CE /* Tests */,
				E593F5781540C1CA00CA44CE /* Frameworks */,
				E593F5761540C1CA00CA44CE /* Products */,
			);
			sourceTree = "<group>";
		};
		E593F5761540C1CA00CA44CE /* Products */ = {
			isa = PBXGroup;
			children = (
				E593F5751540C1CA00CA44CE /* GemStone.app */,
				E593F59C1540C1CB00CA44CE /* GemStoneTests.xctest */,
				E51C7D0E1E2D437A00C37ACC /* com.GemTalk.GemStone.Helper */,
			);
			name = Products;
			sourceTree = "<group>";
		};
		E593F5781540C1CA00CA44CE /* Frameworks */ = {
			isa = PBXGroup;
			children = (
				E593417915AB590A00618792 /* ExceptionHandling.framework */,
				E554E99A1541FC6600A08D05 /* Security.framework */,
				E554E9981541FC5300A08D05 /* ServiceManagement.framework */,
				E593F5791540C1CA00CA44CE /* Cocoa.framework */,
				E593F57B1540C1CA00CA44CE /* Other Frameworks */,
			);
			name = Frameworks;
			sourceTree = "<group>";
		};
		E593F57B1540C1CA00CA44CE /* Other Frameworks */ = {
			isa = PBXGroup;
			children = (
				E593F57C1540C1CA00CA44CE /* AppKit.framework */,
				E593F57D1540C1CA00CA44CE /* CoreData.framework */,
				E593F57E1540C1CA00CA44CE /* Foundation.framework */,
			);
			name = "Other Frameworks";
			sourceTree = "<group>";
		};
		E593F57F1540C1CA00CA44CE /* GemStone */ = {
			isa = PBXGroup;
			children = (
				E5E381D51805B756007DDCF7 /* Templates */,
				E5143A4415ADE29B00DDAD01 /* Tasks */,
				E593F5911540C1CA00CA44CE /* MainMenu.xib */,
				E52AA97116093CE900CE9A72 /* DataModel.xcdatamodeld */,
				E554E96F1541C4C800A08D05 /* AppController.h */,
				E554E9701541C4C800A08D05 /* AppController.m */,
				E5FD0F021565ECA300045B4D /* Database.h */,
				E5FD0F031565ECA300045B4D /* Database.m */,
				E5143A4015ADE28B00DDAD01 /* LogFile.h */,
				E5143A4115ADE28B00DDAD01 /* LogFile.m */,
				E565CC381E2C73C600C4073A /* Helper.h */,
				E565CC391E2C73D600C4073A /* Helper.m */,
				E593417B15AB862800618792 /* Utilities.h */,
				E593417C15AB862800618792 /* Utilities.m */,
				E5E33C2415547ADF002B1E9F /* Version.h */,
				E5E33C2515547ADF002B1E9F /* Version.m */,
				E593F5811540C1CA00CA44CE /* GemStone-Info.plist */,
				E593F5881540C1CA00CA44CE /* Credits.rtf */,
				E593F5B31540C1E000CA44CE /* GemStone.icns */,
				E593F5801540C1CA00CA44CE /* Supporting Files */,
				E5CA1EDF1628DF0200997041 /* buildDistribution.sh */,
			);
			path = GemStone;
			sourceTree = "<group>";
		};
		E593F5801540C1CA00CA44CE /* Supporting Files */ = {
			isa = PBXGroup;
			children = (
				E593F5821540C1CA00CA44CE /* InfoPlist.strings */,
				E593F5851540C1CA00CA44CE /* main.m */,
				E593F5871540C1CA00CA44CE /* GemStone-Prefix.pch */,
			);
			name = "Supporting Files";
			sourceTree = "<group>";
		};
		E593F5A21540C1CB00CA44CE /* Tests */ = {
			isa = PBXGroup;
			children = (
				E593F5A81540C1CB00CA44CE /* GemStoneTests.h */,
				E593F5A91540C1CB00CA44CE /* GemStoneTests.m */,
				E593F5A31540C1CB00CA44CE /* Supporting Files */,
			);
			name = Tests;
			path = GemStoneTests;
			sourceTree = "<group>";
		};
		E593F5A31540C1CB00CA44CE /* Supporting Files */ = {
			isa = PBXGroup;
			children = (
				E593F5A41540C1CB00CA44CE /* GemStoneTests-Info.plist */,
				E593F5A51540C1CB00CA44CE /* InfoPlist.strings */,
			);
			name = "Supporting Files";
			sourceTree = "<group>";
		};
		E5E381D51805B756007DDCF7 /* Templates */ = {
			isa = PBXGroup;
			children = (
				E5E381CF1805B5FA007DDCF7 /* system.conf */,
				E5E381D31805B6F6007DDCF7 /* gem.conf */,
				E5E381D61805C55E007DDCF7 /* stone.conf */,
			);
			name = Templates;
			sourceTree = "<group>";
		};
/* End PBXGroup section */

/* Begin PBXLegacyTarget section */
		E5CA1ED81628DD3400997041 /* Distribution */ = {
			isa = PBXLegacyTarget;
			buildArgumentsString = "$(ACTION)";
			buildConfigurationList = E5CA1EDB1628DD3400997041 /* Build configuration list for PBXLegacyTarget "Distribution" */;
			buildPhases = (
			);
			buildToolPath = GemStone/buildDistribution.sh;
			buildWorkingDirectory = "";
			dependencies = (
				E5CA1EDE1628DD4300997041 /* PBXTargetDependency */,
			);
			name = Distribution;
			passBuildSettingsInEnvironment = 1;
			productName = Distribution;
		};
/* End PBXLegacyTarget section */

/* Begin PBXNativeTarget section */
		E51C7D0D1E2D437A00C37ACC /* com.GemTalk.GemStone.Helper */ = {
			isa = PBXNativeTarget;
			buildConfigurationList = E51C7D121E2D437A00C37ACC /* Build configuration list for PBXNativeTarget "com.GemTalk.GemStone.Helper" */;
			buildPhases = (
				E51C7D0A1E2D437A00C37ACC /* Sources */,
				E51C7D0B1E2D437A00C37ACC /* Frameworks */,
				E57F4E581E2EE8970008B42F /* ShellScript */,
			);
			buildRules = (
			);
			dependencies = (
			);
			name = com.GemTalk.GemStone.Helper;
			productName = HelperXPC;
			productReference = E51C7D0E1E2D437A00C37ACC /* com.GemTalk.GemStone.Helper */;
			productType = "com.apple.product-type.tool";
		};
		E593F5741540C1CA00CA44CE /* GemStone */ = {
			isa = PBXNativeTarget;
			buildConfigurationList = E593F5AD1540C1CB00CA44CE /* Build configuration list for PBXNativeTarget "GemStone" */;
			buildPhases = (
				E583B371162B54F100C15E49 /* ShellScript */,
				E593F5711540C1CA00CA44CE /* Sources */,
				E593F5721540C1CA00CA44CE /* Frameworks */,
				E593F5731540C1CA00CA44CE /* Resources */,
				E5DDDEB1154202A7006F168D /* CopyFiles */,
			);
			buildRules = (
			);
			dependencies = (
				E51C7D1A1E2D647700C37ACC /* PBXTargetDependency */,
			);
			name = GemStone;
			productName = GemStone;
			productReference = E593F5751540C1CA00CA44CE /* GemStone.app */;
			productType = "com.apple.product-type.application";
		};
		E593F59B1540C1CA00CA44CE /* GemStoneTests */ = {
			isa = PBXNativeTarget;
			buildConfigurationList = E593F5B01540C1CB00CA44CE /* Build configuration list for PBXNativeTarget "GemStoneTests" */;
			buildPhases = (
				E593F5971540C1CA00CA44CE /* Sources */,
				E593F5981540C1CA00CA44CE /* Frameworks */,
				E593F5991540C1CA00CA44CE /* Resources */,
				E593F59A1540C1CA00CA44CE /* ShellScript */,
			);
			buildRules = (
			);
			dependencies = (
				E593F5A11540C1CB00CA44CE /* PBXTargetDependency */,
			);
			name = GemStoneTests;
			productName = GemStoneTests;
			productReference = E593F59C1540C1CB00CA44CE /* GemStoneTests.xctest */;
			productType = "com.apple.product-type.bundle.unit-test";
		};
/* End PBXNativeTarget section */

/* Begin PBXProject section */
		E593F56C1540C1CA00CA44CE /* Project object */ = {
			isa = PBXProject;
			attributes = {
				LastTestingUpgradeCheck = 0510;
				LastUpgradeCheck = 0820;
				ORGANIZATIONNAME = "GemTalk Systems LLC";
				TargetAttributes = {
					E51C7D0D1E2D437A00C37ACC = {
						CreatedOnToolsVersion = 8.2.1;
						ProvisioningStyle = Automatic;
					};
				};
			};
			buildConfigurationList = E593F56F1540C1CA00CA44CE /* Build configuration list for PBXProject "GemStone" */;
			compatibilityVersion = "Xcode 8.0";
			developmentRegion = English;
			hasScannedForEncodings = 0;
			knownRegions = (
				en,
			);
			mainGroup = E593F56A1540C1CA00CA44CE;
			productRefGroup = E593F5761540C1CA00CA44CE /* Products */;
			projectDirPath = "";
			projectRoot = "";
			targets = (
				E593F5741540C1CA00CA44CE /* GemStone */,
				E51C7D0D1E2D437A00C37ACC /* com.GemTalk.GemStone.Helper */,
				E5CA1ED81628DD3400997041 /* Distribution */,
				E593F59B1540C1CA00CA44CE /* GemStoneTests */,
			);
		};
/* End PBXProject section */

/* Begin PBXResourcesBuildPhase section */
		E593F5731540C1CA00CA44CE /* Resources */ = {
			isa = PBXResourcesBuildPhase;
			buildActionMask = 2147483647;
			files = (
				E57F4E511E2ED1600008B42F /* Info.plist in Resources */,
				E5E381D41805B6F6007DDCF7 /* gem.conf in Resources */,
				E593F5841540C1CA00CA44CE /* InfoPlist.strings in Resources */,
				E57F4E521E2ED1600008B42F /* Launchd.plist in Resources */,
				E593F58A1540C1CA00CA44CE /* Credits.rtf in Resources */,
				E593F5931540C1CA00CA44CE /* MainMenu.xib in Resources */,
				E5E381D01805B5FA007DDCF7 /* system.conf in Resources */,
				E593F5B41540C1E000CA44CE /* GemStone.icns in Resources */,
				E5E381D71805C55E007DDCF7 /* stone.conf in Resources */,
			);
			runOnlyForDeploymentPostprocessing = 0;
		};
		E593F5991540C1CA00CA44CE /* Resources */ = {
			isa = PBXResourcesBuildPhase;
			buildActionMask = 2147483647;
			files = (
				E593F5A71540C1CB00CA44CE /* InfoPlist.strings in Resources */,
			);
			runOnlyForDeploymentPostprocessing = 0;
		};
/* End PBXResourcesBuildPhase section */

/* Begin PBXShellScriptBuildPhase section */
		E57F4E581E2EE8970008B42F /* ShellScript */ = {
			isa = PBXShellScriptBuildPhase;
			buildActionMask = 2147483647;
			files = (
			);
			inputPaths = (
			);
			outputPaths = (
			);
			runOnlyForDeploymentPostprocessing = 0;
			shellPath = /bin/sh;
			shellScript = "#!/bin/bash\nbN=$(/usr/libexec/PlistBuddy -c \"Print CFBundleVersion\" \"$INFOPLIST_FILE\")\nbN=$((0x$bN))\nbN=$(($bN + 1))\nbN=$(printf \"%X\" $bN)\n/usr/libexec/PlistBuddy -c \"Set :CFBundleVersion $bN\" \"$INFOPLIST_FILE\"";
		};
		E583B371162B54F100C15E49 /* ShellScript */ = {
			isa = PBXShellScriptBuildPhase;
			buildActionMask = 2147483647;
			files = (
			);
			inputPaths = (
			);
			outputPaths = (
			);
			runOnlyForDeploymentPostprocessing = 0;
			shellPath = /bin/sh;
			shellScript = "#!/bin/bash    \nbN=$(/usr/libexec/PlistBuddy -c \"Print CFBundleVersion\" \"$INFOPLIST_FILE\")\nbN=$((0x$bN)) \nbN=$(($bN + 1)) \nbN=$(printf \"%X\" $bN)\n/usr/libexec/PlistBuddy -c \"Set :CFBundleVersion $bN\" \"$INFOPLIST_FILE\"";
		};
		E593F59A1540C1CA00CA44CE /* ShellScript */ = {
			isa = PBXShellScriptBuildPhase;
			buildActionMask = 2147483647;
			files = (
			);
			inputPaths = (
			);
			outputPaths = (
			);
			runOnlyForDeploymentPostprocessing = 0;
			shellPath = /bin/sh;
			shellScript = "# Run the unit tests in this test bundle.\n\"${SYSTEM_DEVELOPER_DIR}/Tools/RunUnitTests\"\n";
		};
/* End PBXShellScriptBuildPhase section */

/* Begin PBXSourcesBuildPhase section */
		E51C7D0A1E2D437A00C37ACC /* Sources */ = {
			isa = PBXSourcesBuildPhase;
			buildActionMask = 2147483647;
			files = (
				E57F4E541E2ED1900008B42F /* main.c in Sources */,
			);
			runOnlyForDeploymentPostprocessing = 0;
		};
		E593F5711540C1CA00CA44CE /* Sources */ = {
			isa = PBXSourcesBuildPhase;
			buildActionMask = 2147483647;
			files = (
				E593F5861540C1CA00CA44CE /* main.m in Sources */,
				E554E9711541C4C800A08D05 /* AppController.m in Sources */,
				E5E33C2815547ADF002B1E9F /* Version.m in Sources */,
				E52678E517F26B17006CD274 /* Terminal.m in Sources */,
				E570538815582FA8001686F1 /* DownloadVersionList.m in Sources */,
				E5B50B09155B291B00BE1A65 /* DownloadVersion.m in Sources */,
				E5FD0F041565ECA300045B4D /* Database.m in Sources */,
				E565CC3A1E2C73D600C4073A /* Helper.m in Sources */,
				E5F05E5315A39C3100D6FCC7 /* Task.m in Sources */,
				E5F05E5715A39EAB00D6FCC7 /* StartStone.m in Sources */,
				E5A9D66815A78EFA006D51D1 /* Download.m in Sources */,
				E593417D15AB862800618792 /* Utilities.m in Sources */,
				E593418015AB9B1200618792 /* DatabaseTask.m in Sources */,
				E593418315AB9BCA00618792 /* StopStone.m in Sources */,
				E593418615ABB78000618792 /* StartNetLDI.m in Sources */,
				E5939EBB15ABE067005ECBC5 /* WaitStone.m in Sources */,
				E5697C5315AC8D510000BE4D /* GSList.m in Sources */,
				E5697C5715ACA3AA0000BE4D /* StopNetLDI.m in Sources */,
				E5143A4215ADE28B00DDAD01 /* LogFile.m in Sources */,
				E51317D215AF7CFB007ADCFF /* Statmonitor.m in Sources */,
				E51317D615AF8F44007ADCFF /* CopyDBF.m in Sources */,
				E567210115B4A8A2000E93C5 /* Topaz.m in Sources */,
				E54DFBE115B734130086920B /* VSD.m in Sources */,
				E52AA97416093CE900CE9A72 /* DataModel.xcdatamodeld in Sources */,
				E567E94D160A43480024905D /* UnzipVersion.m in Sources */,
				E5B984BA1767646E00831AB3 /* StartCacheWarmer.m in Sources */,
			);
			runOnlyForDeploymentPostprocessing = 0;
		};
		E593F5971540C1CA00CA44CE /* Sources */ = {
			isa = PBXSourcesBuildPhase;
			buildActionMask = 2147483647;
			files = (
				E593F5AA1540C1CB00CA44CE /* GemStoneTests.m in Sources */,
			);
			runOnlyForDeploymentPostprocessing = 0;
		};
/* End PBXSourcesBuildPhase section */

/* Begin PBXTargetDependency section */
		E51C7D1A1E2D647700C37ACC /* PBXTargetDependency */ = {
			isa = PBXTargetDependency;
			target = E51C7D0D1E2D437A00C37ACC /* com.GemTalk.GemStone.Helper */;
			targetProxy = E51C7D191E2D647700C37ACC /* PBXContainerItemProxy */;
		};
		E593F5A11540C1CB00CA44CE /* PBXTargetDependency */ = {
			isa = PBXTargetDependency;
			target = E593F5741540C1CA00CA44CE /* GemStone */;
			targetProxy = E593F5A01540C1CB00CA44CE /* PBXContainerItemProxy */;
		};
		E5CA1EDE1628DD4300997041 /* PBXTargetDependency */ = {
			isa = PBXTargetDependency;
			target = E593F5741540C1CA00CA44CE /* GemStone */;
			targetProxy = E5CA1EDD1628DD4300997041 /* PBXContainerItemProxy */;
		};
/* End PBXTargetDependency section */

/* Begin PBXVariantGroup section */
		E593F5821540C1CA00CA44CE /* InfoPlist.strings */ = {
			isa = PBXVariantGroup;
			children = (
				E593F5831540C1CA00CA44CE /* en */,
			);
			name = InfoPlist.strings;
			sourceTree = "<group>";
		};
		E593F5881540C1CA00CA44CE /* Credits.rtf */ = {
			isa = PBXVariantGroup;
			children = (
				E593F5891540C1CA00CA44CE /* en */,
			);
			name = Credits.rtf;
			sourceTree = "<group>";
		};
		E593F5911540C1CA00CA44CE /* MainMenu.xib */ = {
			isa = PBXVariantGroup;
			children = (
				E593F5921540C1CA00CA44CE /* en */,
			);
			name = MainMenu.xib;
			sourceTree = "<group>";
		};
		E593F5A51540C1CB00CA44CE /* InfoPlist.strings */ = {
			isa = PBXVariantGroup;
			children = (
				E593F5A61540C1CB00CA44CE /* en */,
			);
			name = InfoPlist.strings;
			sourceTree = "<group>";
		};
/* End PBXVariantGroup section */

/* Begin XCBuildConfiguration section */
		E51C7D131E2D437A00C37ACC /* Debug */ = {
			isa = XCBuildConfiguration;
			buildSettings = {
				CLANG_ANALYZER_NONNULL = YES;
				CLANG_CXX_LANGUAGE_STANDARD = "gnu++0x";
				CLANG_CXX_LIBRARY = "libc++";
				CLANG_ENABLE_MODULES = YES;
				CLANG_WARN_DIRECT_OBJC_ISA_USAGE = YES_ERROR;
				CLANG_WARN_DOCUMENTATION_COMMENTS = YES;
				CLANG_WARN_OBJC_ROOT_CLASS = YES_ERROR;
				CODE_SIGN_IDENTITY = "Mac Developer";
				DEBUG_INFORMATION_FORMAT = dwarf;
				DEVELOPMENT_TEAM = 72G58AHU7P;
				GCC_WARN_ABOUT_RETURN_TYPE = YES_ERROR;
				GCC_WARN_UNINITIALIZED_AUTOS = YES_AGGRESSIVE;
				INFOPLIST_FILE = /Users/jfoster/Xcode/GemStone/Helper/Info.plist;
				MTL_ENABLE_DEBUG_INFO = YES;
				OTHER_LDFLAGS = (
					"-sectcreate",
					__TEXT,
					__info_plist,
					Helper/Info.plist,
					"-sectcreate",
					__TEXT,
					__launchd_plist,
					Helper/Launchd.plist,
				);
				PRODUCT_BUNDLE_IDENTIFIER = com.GemTalk.GemStone.Helper;
				PRODUCT_NAME = "$(TARGET_NAME)";
			};
			name = Debug;
		};
		E51C7D141E2D437A00C37ACC /* Release */ = {
			isa = XCBuildConfiguration;
			buildSettings = {
				CLANG_ANALYZER_NONNULL = YES;
				CLANG_CXX_LANGUAGE_STANDARD = "gnu++0x";
				CLANG_CXX_LIBRARY = "libc++";
				CLANG_ENABLE_MODULES = YES;
				CLANG_WARN_DIRECT_OBJC_ISA_USAGE = YES_ERROR;
				CLANG_WARN_DOCUMENTATION_COMMENTS = YES;
				CLANG_WARN_OBJC_ROOT_CLASS = YES_ERROR;
				CODE_SIGN_IDENTITY = "Mac Developer";
				COPY_PHASE_STRIP = NO;
				DEVELOPMENT_TEAM = 72G58AHU7P;
				ENABLE_NS_ASSERTIONS = NO;
				GCC_WARN_ABOUT_RETURN_TYPE = YES_ERROR;
				GCC_WARN_UNINITIALIZED_AUTOS = YES_AGGRESSIVE;
				INFOPLIST_FILE = /Users/jfoster/Xcode/GemStone/Helper/Info.plist;
				MTL_ENABLE_DEBUG_INFO = NO;
				OTHER_LDFLAGS = (
					"-sectcreate",
					__TEXT,
					__info_plist,
					Helper/Info.plist,
					"-sectcreate",
					__TEXT,
					__launchd_plist,
					Helper/Launchd.plist,
				);
				PRODUCT_BUNDLE_IDENTIFIER = com.GemTalk.GemStone.Helper;
				PRODUCT_NAME = "$(TARGET_NAME)";
			};
			name = Release;
		};
		E593F5AB1540C1CB00CA44CE /* Debug */ = {
			isa = XCBuildConfiguration;
			buildSettings = {
				ALWAYS_SEARCH_USER_PATHS = NO;
				CLANG_ENABLE_OBJC_ARC = YES;
				CLANG_WARN_BOOL_CONVERSION = YES;
				CLANG_WARN_CONSTANT_CONVERSION = YES;
				CLANG_WARN_EMPTY_BODY = YES;
				CLANG_WARN_ENUM_CONVERSION = YES;
				CLANG_WARN_INFINITE_RECURSION = YES;
				CLANG_WARN_INT_CONVERSION = YES;
				CLANG_WARN_SUSPICIOUS_MOVE = YES;
				CLANG_WARN_UNREACHABLE_CODE = YES;
				CLANG_WARN__DUPLICATE_METHOD_MATCH = YES;
				CODE_SIGN_IDENTITY = "Developer ID Application: GemTalk Systems LLC (72G58AHU7P)";
				COPY_PHASE_STRIP = NO;
				DEBUG_INFORMATION_FORMAT = "dwarf-with-dsym";
				DEVELOPMENT_TEAM = 72G58AHU7P;
				ENABLE_STRICT_OBJC_MSGSEND = YES;
				ENABLE_TESTABILITY = YES;
				GCC_C_LANGUAGE_STANDARD = gnu99;
				GCC_DYNAMIC_NO_PIC = NO;
				GCC_ENABLE_OBJC_EXCEPTIONS = YES;
				GCC_NO_COMMON_BLOCKS = YES;
				GCC_OPTIMIZATION_LEVEL = 0;
				GCC_PREPROCESSOR_DEFINITIONS = (
					"DEBUG=1",
					"$(inherited)",
				);
				GCC_SYMBOLS_PRIVATE_EXTERN = NO;
				GCC_VERSION = com.apple.compilers.llvm.clang.1_0;
				GCC_WARN_64_TO_32_BIT_CONVERSION = YES;
				GCC_WARN_ABOUT_RETURN_TYPE = YES;
				GCC_WARN_UNDECLARED_SELECTOR = YES;
				GCC_WARN_UNINITIALIZED_AUTOS = YES;
				GCC_WARN_UNUSED_FUNCTION = YES;
				GCC_WARN_UNUSED_VARIABLE = YES;
				MACOSX_DEPLOYMENT_TARGET = 10.10;
				ONLY_ACTIVE_ARCH = YES;
				PROVISIONING_PROFILE = "";
				SDKROOT = macosx;
				VALID_ARCHS = x86_64;
			};
			name = Debug;
		};
		E593F5AC1540C1CB00CA44CE /* Release */ = {
			isa = XCBuildConfiguration;
			buildSettings = {
				ALWAYS_SEARCH_USER_PATHS = NO;
				CLANG_ENABLE_OBJC_ARC = YES;
				CLANG_WARN_BOOL_CONVERSION = YES;
				CLANG_WARN_CONSTANT_CONVERSION = YES;
				CLANG_WARN_EMPTY_BODY = YES;
				CLANG_WARN_ENUM_CONVERSION = YES;
				CLANG_WARN_INFINITE_RECURSION = YES;
				CLANG_WARN_INT_CONVERSION = YES;
				CLANG_WARN_SUSPICIOUS_MOVE = YES;
				CLANG_WARN_UNREACHABLE_CODE = YES;
				CLANG_WARN__DUPLICATE_METHOD_MATCH = YES;
				CODE_SIGN_IDENTITY = "Developer ID Application: GemTalk Systems LLC (72G58AHU7P)";
				COPY_PHASE_STRIP = YES;
				DEBUG_INFORMATION_FORMAT = "dwarf-with-dsym";
				DEVELOPMENT_TEAM = 72G58AHU7P;
				ENABLE_STRICT_OBJC_MSGSEND = YES;
				GCC_C_LANGUAGE_STANDARD = gnu99;
				GCC_ENABLE_OBJC_EXCEPTIONS = YES;
				GCC_NO_COMMON_BLOCKS = YES;
				GCC_VERSION = com.apple.compilers.llvm.clang.1_0;
				GCC_WARN_64_TO_32_BIT_CONVERSION = YES;
				GCC_WARN_ABOUT_RETURN_TYPE = YES;
				GCC_WARN_UNDECLARED_SELECTOR = YES;
				GCC_WARN_UNINITIALIZED_AUTOS = YES;
				GCC_WARN_UNUSED_FUNCTION = YES;
				GCC_WARN_UNUSED_VARIABLE = YES;
				MACOSX_DEPLOYMENT_TARGET = 10.10;
				ONLY_ACTIVE_ARCH = YES;
				PROVISIONING_PROFILE = "";
				SDKROOT = macosx;
				VALID_ARCHS = x86_64;
			};
			name = Release;
		};
		E593F5AE1540C1CB00CA44CE /* Debug */ = {
			isa = XCBuildConfiguration;
			buildSettings = {
				CODE_SIGN_IDENTITY = "Mac Developer";
				"CODE_SIGN_IDENTITY[sdk=*]" = "Mac Developer";
				"CODE_SIGN_IDENTITY[sdk=macosx*]" = "Mac Developer";
				COMBINE_HIDPI_IMAGES = YES;
				DEBUG_INFORMATION_FORMAT = "dwarf-with-dsym";
				DEVELOPMENT_TEAM = 72G58AHU7P;
				GCC_PRECOMPILE_PREFIX_HEADER = YES;
				GCC_PREFIX_HEADER = "GemStone/GemStone-Prefix.pch";
				INFOPLIST_FILE = "GemStone/GemStone-Info.plist";
				PRODUCT_BUNDLE_IDENTIFIER = com.GemTalk.GemStone;
				PRODUCT_NAME = "$(TARGET_NAME)";
				PROVISIONING_PROFILE = "";
				VALID_ARCHS = x86_64;
				WRAPPER_EXTENSION = app;
			};
			name = Debug;
		};
		E593F5AF1540C1CB00CA44CE /* Release */ = {
			isa = XCBuildConfiguration;
			buildSettings = {
				CODE_SIGN_IDENTITY = "Mac Developer";
				"CODE_SIGN_IDENTITY[sdk=macosx*]" = "Mac Developer";
				COMBINE_HIDPI_IMAGES = YES;
				DEVELOPMENT_TEAM = 72G58AHU7P;
				GCC_PRECOMPILE_PREFIX_HEADER = YES;
				GCC_PREFIX_HEADER = "GemStone/GemStone-Prefix.pch";
				INFOPLIST_FILE = "GemStone/GemStone-Info.plist";
				PRODUCT_BUNDLE_IDENTIFIER = com.GemTalk.GemStone;
				PRODUCT_NAME = "$(TARGET_NAME)";
				PROVISIONING_PROFILE = "";
				VALID_ARCHS = x86_64;
				WRAPPER_EXTENSION = app;
			};
			name = Release;
		};
		E593F5B11540C1CB00CA44CE /* Debug */ = {
			isa = XCBuildConfiguration;
			buildSettings = {
				BUNDLE_LOADER = "$(BUILT_PRODUCTS_DIR)/GemStone.app/Contents/MacOS/GemStone";
				COMBINE_HIDPI_IMAGES = YES;
				FRAMEWORK_SEARCH_PATHS = "$(inherited)";
				GCC_PRECOMPILE_PREFIX_HEADER = YES;
				GCC_PREFIX_HEADER = "GemStone/GemStone-Prefix.pch";
				INFOPLIST_FILE = "GemStoneTests/GemStoneTests-Info.plist";
				PRODUCT_BUNDLE_IDENTIFIER = "com.GemTalk.${PRODUCT_NAME:rfc1034identifier}";
				PRODUCT_NAME = "$(TARGET_NAME)";
				TEST_HOST = "$(BUNDLE_LOADER)";
			};
			name = Debug;
		};
		E593F5B21540C1CB00CA44CE /* Release */ = {
			isa = XCBuildConfiguration;
			buildSettings = {
				BUNDLE_LOADER = "$(BUILT_PRODUCTS_DIR)/GemStone.app/Contents/MacOS/GemStone";
				COMBINE_HIDPI_IMAGES = YES;
				FRAMEWORK_SEARCH_PATHS = "$(inherited)";
				GCC_PRECOMPILE_PREFIX_HEADER = YES;
				GCC_PREFIX_HEADER = "GemStone/GemStone-Prefix.pch";
				INFOPLIST_FILE = "GemStoneTests/GemStoneTests-Info.plist";
				PRODUCT_BUNDLE_IDENTIFIER = "com.GemTalk.${PRODUCT_NAME:rfc1034identifier}";
				PRODUCT_NAME = "$(TARGET_NAME)";
				TEST_HOST = "$(BUNDLE_LOADER)";
			};
			name = Release;
		};
		E5CA1ED91628DD3400997041 /* Debug */ = {
			isa = XCBuildConfiguration;
			buildSettings = {
				COMBINE_HIDPI_IMAGES = YES;
				DEBUGGING_SYMBOLS = YES;
				GCC_GENERATE_DEBUGGING_SYMBOLS = YES;
				GCC_OPTIMIZATION_LEVEL = 0;
				MACOSX_DEPLOYMENT_TARGET = 10.7;
				OTHER_CFLAGS = "";
				OTHER_LDFLAGS = "";
				PRODUCT_NAME = "$(TARGET_NAME)";
			};
			name = Debug;
		};
		E5CA1EDA1628DD3400997041 /* Release */ = {
			isa = XCBuildConfiguration;
			buildSettings = {
				COMBINE_HIDPI_IMAGES = YES;
				MACOSX_DEPLOYMENT_TARGET = 10.7;
				OTHER_CFLAGS = "";
				OTHER_LDFLAGS = "";
				PRODUCT_NAME = "$(TARGET_NAME)";
			};
			name = Release;
		};
/* End XCBuildConfiguration section */

/* Begin XCConfigurationList section */
		E51C7D121E2D437A00C37ACC /* Build configuration list for PBXNativeTarget "com.GemTalk.GemStone.Helper" */ = {
			isa = XCConfigurationList;
			buildConfigurations = (
				E51C7D131E2D437A00C37ACC /* Debug */,
				E51C7D141E2D437A00C37ACC /* Release */,
			);
			defaultConfigurationIsVisible = 0;
			defaultConfigurationName = Release;
		};
		E593F56F1540C1CA00CA44CE /* Build configuration list for PBXProject "GemStone" */ = {
			isa = XCConfigurationList;
			buildConfigurations = (
				E593F5AB1540C1CB00CA44CE /* Debug */,
				E593F5AC1540C1CB00CA44CE /* Release */,
			);
			defaultConfigurationIsVisible = 0;
			defaultConfigurationName = Release;
		};
		E593F5AD1540C1CB00CA44CE /* Build configuration list for PBXNativeTarget "GemStone" */ = {
			isa = XCConfigurationList;
			buildConfigurations = (
				E593F5AE1540C1CB00CA44CE /* Debug */,
				E593F5AF1540C1CB00CA44CE /* Release */,
			);
			defaultConfigurationIsVisible = 0;
			defaultConfigurationName = Release;
		};
		E593F5B01540C1CB00CA44CE /* Build configuration list for PBXNativeTarget "GemStoneTests" */ = {
			isa = XCConfigurationList;
			buildConfigurations = (
				E593F5B11540C1CB00CA44CE /* Debug */,
				E593F5B21540C1CB00CA44CE /* Release */,
			);
			defaultConfigurationIsVisible = 0;
			defaultConfigurationName = Release;
		};
		E5CA1EDB1628DD3400997041 /* Build configuration list for PBXLegacyTarget "Distribution" */ = {
			isa = XCConfigurationList;
			buildConfigurations = (
				E5CA1ED91628DD3400997041 /* Debug */,
				E5CA1EDA1628DD3400997041 /* Release */,
			);
			defaultConfigurationIsVisible = 0;
			defaultConfigurationName = Release;
		};
/* End XCConfigurationList section */

/* Begin XCVersionGroup section */
		E52AA97116093CE900CE9A72 /* DataModel.xcdatamodeld */ = {
			isa = XCVersionGroup;
			children = (
				E52AA97216093CE900CE9A72 /* DataModel 2.xcdatamodel */,
				E52AA97316093CE900CE9A72 /* DataModel.xcdatamodel */,
			);
			currentVersion = E52AA97216093CE900CE9A72 /* DataModel 2.xcdatamodel */;
			path = DataModel.xcdatamodeld;
			sourceTree = "<group>";
			versionGroupType = wrapper.xcdatamodel;
		};
/* End XCVersionGroup section */
	};
	rootObject = E593F56C1540C1CA00CA44CE /* Project object */;
}
